
Microsoft Visual Studio Solution File, Format Version 12.00
# Visual Studio Version 17
VisualStudioVersion = 17.6.33815.320
MinimumVisualStudioVersion = 10.0.40219.1
Project("{FAE04EC0-301F-11D3-BF4B-00C04F79EFBC}") = "ConAppDisconnectedArch", "ConAppDisconnectedArch\ConAppDisconnectedArch.csproj", "{3141B21D-DF02-4D2B-AD71-E2BB22F38226}"
EndProject
Global
	GlobalSection(SolutionConfigurationPlatforms) = preSolution
		Debug|Any CPU = Debug|Any CPU
		Release|Any CPU = Release|Any CPU
	EndGlobalSection
	GlobalSection(ProjectConfigurationPlatforms) = postSolution
		{3141B21D-DF02-4D2B-AD71-E2BB22F38226}.Debug|Any CPU.ActiveCfg = Debug|Any CPU
		{3141B21D-DF02-4D2B-AD71-E2BB22F38226}.Debug|Any CPU.Build.0 = Debug|Any CPU
		{3141B21D-DF02-4D2B-AD71-E2BB22F38226}.Release|Any CPU.ActiveCfg = Release|Any CPU
		{3141B21D-DF02-4D2B-AD71-E2BB22F38226}.Release|Any CPU.Build.0 = Release|Any CPU
	EndGlobalSection
	GlobalSection(SolutionProperties) = preSolution
		HideSolutionNode = FALSE
	EndGlobalSection
	GlobalSection(ExtensibilityGlobals) = postSolution
		SolutionGuid = {E3826351-70FA-4C5E-936C-F5850BDB707E}
	EndGlobalSection
EndGlobal
